
Microsoft Visual Studio Solution File, Format Version 12.00
# Visual Studio Version 17
VisualStudioVersion = 17.13.35806.99 d17.13
MinimumVisualStudioVersion = 10.0.40219.1
Project("{FAE04EC0-301F-11D3-BF4B-00C04F79EFBC}") = "AdminViewWebApp", "AdminViewWebApp\AdminViewWebApp.csproj", "{21CACD30-CB7B-4317-A47B-E45E34529E51}"
EndProject
Global
	GlobalSection(SolutionConfigurationPlatforms) = preSolution
		Debug|Any CPU = Debug|Any CPU
		Release|Any CPU = Release|Any CPU
	EndGlobalSection
	GlobalSection(ProjectConfigurationPlatforms) = postSolution
		{21CACD30-CB7B-4317-A47B-E45E34529E51}.Debug|Any CPU.ActiveCfg = Debug|Any CPU
		{21CACD30-CB7B-4317-A47B-E45E34529E51}.Debug|Any CPU.Build.0 = Debug|Any CPU
		{21CACD30-CB7B-4317-A47B-E45E34529E51}.Release|Any CPU.ActiveCfg = Release|Any CPU
		{21CACD30-CB7B-4317-A47B-E45E34529E51}.Release|Any CPU.Build.0 = Release|Any CPU
	EndGlobalSection
	GlobalSection(SolutionProperties) = preSolution
		HideSolutionNode = FALSE
	EndGlobalSection
	GlobalSection(ExtensibilityGlobals) = postSolution
		SolutionGuid = {E72A7D2D-71D0-432D-B41E-6E0E26E85C1A}
	EndGlobalSection
EndGlobal
